{
  "originHash" : "2e1f35af644ff2f2c69b4792a44deb9d6f9c63ac48172c38aa73c0ed7c04648d",
  "pins" : [
    {
      "identity" : "alamofire",
      "kind" : "remoteSourceControl",
      "location" : "https://github.com/Alamofire/Alamofire.git",
      "state" : {
        "revision" : "3dc6a42c7727c49bf26508e29b0a0b35f9c7e1ad",
        "version" : "5.8.1"
      }
    },
    {
      "identity" : "cocoalumberjack",
      "kind" : "remoteSourceControl",
      "location" : "https://github.com/CocoaLumberjack/CocoaLumberjack.git",
      "state" : {
        "revision" : "4b8714a7fb84d42393314ce897127b3939885ec3",
        "version" : "3.8.5"
      }
    },
    {
      "identity" : "lottie-ios",
      "kind" : "remoteSourceControl",
      "location" : "https://github.com/airbnb/lottie-ios",
      "state" : {
        "revision" : "769b88d83a42ca8d5572b020c96f47e3690b3796",
        "version" : "4.4.3"
      }
    },
    {
      "identity" : "mapbox-common-ios",
      "kind" : "remoteSourceControl",
      "location" : "https://github.com/mapbox/mapbox-common-ios.git",
      "state" : {
        "revision" : "66c604ce480a5d2e98dbe017b49886652d4d89a2",
        "version" : "24.0.0"
      }
    },
    {
      "identity" : "mapbox-core-maps-ios",
      "kind" : "remoteSourceControl",
      "location" : "https://github.com/mapbox/mapbox-core-maps-ios.git",
      "state" : {
        "revision" : "5c19a597907deb167eed89d737de878db9088f52",
        "version" : "11.0.0"
      }
    },
    {
      "identity" : "mapbox-maps-ios",
      "kind" : "remoteSourceControl",
      "location" : "https://github.com/mapbox/mapbox-maps-ios.git",
      "state" : {
        "revision" : "b28c6331eb03145e49098ae63162db13c02cca8a",
        "version" : "11.0.0"
      }
    },
    {
      "identity" : "sdwebimage",
      "kind" : "remoteSourceControl",
      "location" : "https://github.com/SDWebImage/SDWebImage.git",
      "state" : {
        "revision" : "b8523c1642f3c142b06dd98443ea7c48343a4dfd",
        "version" : "5.19.3"
      }
    },
    {
      "identity" : "sdwebimagesvgcoder",
      "kind" : "remoteSourceControl",
      "location" : "https://github.com/SDWebImage/SDWebImageSVGCoder.git",
      "state" : {
        "revision" : "950167445ab703740569869c8b7510efc9d09a26",
        "version" : "1.7.0"
      }
    },
    {
      "identity" : "sdwebimageswiftui",
      "kind" : "remoteSourceControl",
      "location" : "https://github.com/SDWebImage/SDWebImageSwiftUI.git",
      "state" : {
        "revision" : "b7af5e6bd9c2987e41730400d1baad13d74a141a",
        "version" : "3.0.4"
      }
    },
    {
      "identity" : "svgkit",
      "kind" : "remoteSourceControl",
      "location" : "https://github.com/SVGKit/SVGKit.git",
      "state" : {
        "revision" : "58152b9f7c85eab239160b36ffdfd364aa43d666",
        "version" : "3.0.0"
      }
    },
    {
      "identity" : "swift-log",
      "kind" : "remoteSourceControl",
      "location" : "https://github.com/apple/swift-log",
      "state" : {
        "revision" : "e97a6fcb1ab07462881ac165fdbb37f067e205d5",
        "version" : "1.5.4"
      }
    },
    {
      "identity" : "turf-swift",
      "kind" : "remoteSourceControl",
      "location" : "https://github.com/mapbox/turf-swift.git",
      "state" : {
        "revision" : "f0afe204b4266337066a436becab62fdd2b32378",
        "version" : "2.7.0"
      }
    }
  ],
  "version" : 3
}
