// !$*UTF8*$!
{
	archiveVersion = 1;
	classes = {
	};
	objectVersion = 56;
	objects = {

/* Begin PBXBuildFile section */
		2A0B67AA2C021E75000706ED /* Functions.swift in Sources */ = {isa = PBXBuildFile; fileRef = 2A0B67A92C021E75000706ED /* Functions.swift */; };
		2A0BF68C2C036F260053A0A5 /* Components-DetailBathroom.swift in Sources */ = {isa = PBXBuildFile; fileRef = 2A0BF68B2C036F260053A0A5 /* Components-DetailBathroom.swift */; };
		2A0BF68E2C036F6A0053A0A5 /* SheetAddReview.swift in Sources */ = {isa = PBXBuildFile; fileRef = 2A0BF68D2C036F6A0053A0A5 /* SheetAddReview.swift */; };
		2A0BF6902C036FF20053A0A5 /* SheetNavigate.swift in Sources */ = {isa = PBXBuildFile; fileRef = 2A0BF68F2C036FF20053A0A5 /* SheetNavigate.swift */; };
		2A0BF6922C037CF90053A0A5 /* HomeModel.swift in Sources */ = {isa = PBXBuildFile; fileRef = 2A0BF6912C037CF90053A0A5 /* HomeModel.swift */; };
		2A0BF6942C038ED20053A0A5 /* ComponentsHome.swift in Sources */ = {isa = PBXBuildFile; fileRef = 2A0BF6932C038ED20053A0A5 /* ComponentsHome.swift */; };
		2A0BF6972C0463E50053A0A5 /* ComponentsMap.swift in Sources */ = {isa = PBXBuildFile; fileRef = 2A0BF6962C0463E50053A0A5 /* ComponentsMap.swift */; };
		2A0EE7812BC978D600F48FC4 /* ViewModifiers.swift in Sources */ = {isa = PBXBuildFile; fileRef = 2A0EE7802BC978D500F48FC4 /* ViewModifiers.swift */; };
		2A0EE7862BC97CD300F48FC4 /* MapModel.swift in Sources */ = {isa = PBXBuildFile; fileRef = 2A0EE7852BC97CD300F48FC4 /* MapModel.swift */; };
		2A0EE7882BC97D4B00F48FC4 /* Structs.swift in Sources */ = {isa = PBXBuildFile; fileRef = 2A0EE7872BC97D4B00F48FC4 /* Structs.swift */; };
		2A18B8432BFF36A500C12C9B /* LoadingAnimation.json in Resources */ = {isa = PBXBuildFile; fileRef = 2A18B8422BFF36A400C12C9B /* LoadingAnimation.json */; };
		2A18B8462BFF38B800C12C9B /* Lottie in Frameworks */ = {isa = PBXBuildFile; productRef = 2A18B8452BFF38B800C12C9B /* Lottie */; };
		2A18B8482BFF404300C12C9B /* LoadingAnimationWhite.json in Resources */ = {isa = PBXBuildFile; fileRef = 2A18B8472BFF404300C12C9B /* LoadingAnimationWhite.json */; };
		2A27C00F2BF8D2A8006A8FE8 /* ApiCall.swift in Sources */ = {isa = PBXBuildFile; fileRef = 2A27C00E2BF8D2A8006A8FE8 /* ApiCall.swift */; };
		2A27C0122BF8D5EC006A8FE8 /* Classes.swift in Sources */ = {isa = PBXBuildFile; fileRef = 2A27C0112BF8D5EC006A8FE8 /* Classes.swift */; };
		2A27C0152BF8DDAA006A8FE8 /* Alamofire in Frameworks */ = {isa = PBXBuildFile; productRef = 2A27C0142BF8DDAA006A8FE8 /* Alamofire */; };
		2A27C0172BF8E60D006A8FE8 /* InsertOtp.swift in Sources */ = {isa = PBXBuildFile; fileRef = 2A27C0162BF8E60D006A8FE8 /* InsertOtp.swift */; };
		2A29666B2C08612C00380664 /* LoadingScreen.json in Resources */ = {isa = PBXBuildFile; fileRef = 2A29666A2C08612C00380664 /* LoadingScreen.json */; };
		2A29666D2C0861FC00380664 /* LoadingScreen2.json in Resources */ = {isa = PBXBuildFile; fileRef = 2A29666C2C0861FC00380664 /* LoadingScreen2.json */; };
		2A29666F2C08628F00380664 /* LoadingScreen3.json in Resources */ = {isa = PBXBuildFile; fileRef = 2A29666E2C08628F00380664 /* LoadingScreen3.json */; };
		2A31B46D2BE37E0D000DC8EE /* Components.swift in Sources */ = {isa = PBXBuildFile; fileRef = 2A31B46C2BE37E0D000DC8EE /* Components.swift */; };
		2A33AF9B2BC041DC00DA90E9 /* MapboxMaps in Frameworks */ = {isa = PBXBuildFile; productRef = 2A33AF9A2BC041DC00DA90E9 /* MapboxMaps */; };
		2A4499F32C0088B3000F381A /* GoogleService-Info.plist in Resources */ = {isa = PBXBuildFile; fileRef = 2A4499F22C0088B3000F381A /* GoogleService-Info.plist */; };
		2A55F26A2BF7840B002D7203 /* OnBoarding.swift in Sources */ = {isa = PBXBuildFile; fileRef = 2A55F2692BF7840B002D7203 /* OnBoarding.swift */; };
		2A55F26D2BF7885B002D7203 /* LogInAndSignUp.swift in Sources */ = {isa = PBXBuildFile; fileRef = 2A55F26C2BF7885B002D7203 /* LogInAndSignUp.swift */; };
		2A5DF2C32C09AE00001990E4 /* ViewModifiers.swift in Sources */ = {isa = PBXBuildFile; fileRef = 2A5DF2C22C09AE00001990E4 /* ViewModifiers.swift */; };
		2A5DF2D02C09B090001990E4 /* Alamofire in Frameworks */ = {isa = PBXBuildFile; productRef = 2A5DF2CF2C09B090001990E4 /* Alamofire */; };
		2A5DF2DD2C09B711001990E4 /* Structures.swift in Sources */ = {isa = PBXBuildFile; fileRef = 2A5DF2DC2C09B711001990E4 /* Structures.swift */; };
		2A5DF2DF2C09B933001990E4 /* ApiCallWatch.swift in Sources */ = {isa = PBXBuildFile; fileRef = 2A5DF2DE2C09B933001990E4 /* ApiCallWatch.swift */; };
		2A5DF2E12C09BA40001990E4 /* HomeModelWatch.swift in Sources */ = {isa = PBXBuildFile; fileRef = 2A5DF2E02C09BA40001990E4 /* HomeModelWatch.swift */; };
		2A5E1AF02BF7A5A100871183 /* ChoseLogM.swift in Sources */ = {isa = PBXBuildFile; fileRef = 2A5E1AEF2BF7A5A100871183 /* ChoseLogM.swift */; };
		2A6084742BC4438C000FA417 /* Map.swift in Sources */ = {isa = PBXBuildFile; fileRef = 2A6084732BC4438C000FA417 /* Map.swift */; };
		2A6084762BC44472000FA417 /* TestView.swift in Sources */ = {isa = PBXBuildFile; fileRef = 2A6084752BC44472000FA417 /* TestView.swift */; };
		2A69F7462BE4F986004AB59C /* ProfileView.swift in Sources */ = {isa = PBXBuildFile; fileRef = 2A69F7452BE4F986004AB59C /* ProfileView.swift */; };
		2AA0D6772BF0FAB300F8A249 /* SheetManageSearch.swift in Sources */ = {isa = PBXBuildFile; fileRef = 2AA0D6762BF0FAB300F8A249 /* SheetManageSearch.swift */; };
		2AA1E06A2C008E2D00B2E3BF /* FirebaseAuth in Frameworks */ = {isa = PBXBuildFile; productRef = 2AA1E0692C008E2D00B2E3BF /* FirebaseAuth */; };
		2AA1E0742C00B4D300B2E3BF /* DotAnim.json in Resources */ = {isa = PBXBuildFile; fileRef = 2AA1E0732C00B4D300B2E3BF /* DotAnim.json */; };
		2AB218072BC03B49002A32F5 /* testMappeApp.swift in Sources */ = {isa = PBXBuildFile; fileRef = 2AB218062BC03B49002A32F5 /* testMappeApp.swift */; };
		2AB218092BC03B49002A32F5 /* ContentView.swift in Sources */ = {isa = PBXBuildFile; fileRef = 2AB218082BC03B49002A32F5 /* ContentView.swift */; };
		2AB2180B2BC03B4A002A32F5 /* Assets.xcassets in Resources */ = {isa = PBXBuildFile; fileRef = 2AB2180A2BC03B4A002A32F5 /* Assets.xcassets */; };
		2AB2180E2BC03B4A002A32F5 /* Preview Assets.xcassets in Resources */ = {isa = PBXBuildFile; fileRef = 2AB2180D2BC03B4A002A32F5 /* Preview Assets.xcassets */; };
		2ACCA04B2C09AA2500946C53 /* ToPoopToGoWatchApp.swift in Sources */ = {isa = PBXBuildFile; fileRef = 2ACCA04A2C09AA2500946C53 /* ToPoopToGoWatchApp.swift */; };
		2ACCA04D2C09AA2500946C53 /* ContentView.swift in Sources */ = {isa = PBXBuildFile; fileRef = 2ACCA04C2C09AA2500946C53 /* ContentView.swift */; };
		2ACCA04F2C09AA2700946C53 /* Assets.xcassets in Resources */ = {isa = PBXBuildFile; fileRef = 2ACCA04E2C09AA2700946C53 /* Assets.xcassets */; };
		2ACCA0522C09AA2700946C53 /* Preview Assets.xcassets in Resources */ = {isa = PBXBuildFile; fileRef = 2ACCA0512C09AA2700946C53 /* Preview Assets.xcassets */; };
		2ACCA0552C09AA2700946C53 /* ToPoopToGoWatch Watch App.app in Embed Watch Content */ = {isa = PBXBuildFile; fileRef = 2ACCA0482C09AA2500946C53 /* ToPoopToGoWatch Watch App.app */; settings = {ATTRIBUTES = (RemoveHeadersOnCopy, ); }; };
		2ADA106E2BDFF2BF00BBC989 /* Manrope-ExtraLight.ttf in Resources */ = {isa = PBXBuildFile; fileRef = 2ADA10672BDFF2BF00BBC989 /* Manrope-ExtraLight.ttf */; };
		2ADA106F2BDFF2BF00BBC989 /* Manrope-SemiBold.ttf in Resources */ = {isa = PBXBuildFile; fileRef = 2ADA10682BDFF2BF00BBC989 /* Manrope-SemiBold.ttf */; };
		2ADA10702BDFF2BF00BBC989 /* Manrope-Light.ttf in Resources */ = {isa = PBXBuildFile; fileRef = 2ADA10692BDFF2BF00BBC989 /* Manrope-Light.ttf */; };
		2ADA10712BDFF2BF00BBC989 /* Manrope-Regular.ttf in Resources */ = {isa = PBXBuildFile; fileRef = 2ADA106A2BDFF2BF00BBC989 /* Manrope-Regular.ttf */; };
		2ADA10722BDFF2BF00BBC989 /* Manrope-Medium.ttf in Resources */ = {isa = PBXBuildFile; fileRef = 2ADA106B2BDFF2BF00BBC989 /* Manrope-Medium.ttf */; };
		2ADA10732BDFF2BF00BBC989 /* Manrope-Bold.ttf in Resources */ = {isa = PBXBuildFile; fileRef = 2ADA106C2BDFF2BF00BBC989 /* Manrope-Bold.ttf */; };
		2ADA10742BDFF2BF00BBC989 /* Manrope-ExtraBold.ttf in Resources */ = {isa = PBXBuildFile; fileRef = 2ADA106D2BDFF2BF00BBC989 /* Manrope-ExtraBold.ttf */; };
		2ADA10772BE0E3B400BBC989 /* MapUiView.swift in Sources */ = {isa = PBXBuildFile; fileRef = 2ADA10762BE0E3B400BBC989 /* MapUiView.swift */; };
		2ADA10792BE0E49000BBC989 /* MapAddAnnotation.swift in Sources */ = {isa = PBXBuildFile; fileRef = 2ADA10782BE0E49000BBC989 /* MapAddAnnotation.swift */; };
		2ADA107B2BE0E4EA00BBC989 /* MapSelectPosition.swift in Sources */ = {isa = PBXBuildFile; fileRef = 2ADA107A2BE0E4EA00BBC989 /* MapSelectPosition.swift */; };
		2ADA10812BE0E57800BBC989 /* InformationAnnotationView.swift in Sources */ = {isa = PBXBuildFile; fileRef = 2ADA10802BE0E57800BBC989 /* InformationAnnotationView.swift */; };
		2ADA10832BE0E66700BBC989 /* AddImageSheet.swift in Sources */ = {isa = PBXBuildFile; fileRef = 2ADA10822BE0E66700BBC989 /* AddImageSheet.swift */; };
		2AE0314D2BFC5FF80087E7FF /* OnBoardingModel.swift in Sources */ = {isa = PBXBuildFile; fileRef = 2AE0314C2BFC5FF80087E7FF /* OnBoardingModel.swift */; };
		2AE277452C0B1A64005BBF4B /* FriendsProfileView.swift in Sources */ = {isa = PBXBuildFile; fileRef = 2AE277442C0B1A63005BBF4B /* FriendsProfileView.swift */; };
		2AE277472C0B4812005BBF4B /* ComponentsProfile.swift in Sources */ = {isa = PBXBuildFile; fileRef = 2AE277462C0B4812005BBF4B /* ComponentsProfile.swift */; };
		2AE2774F2C0B82F5005BBF4B /* SDWebImageSVGCoder in Frameworks */ = {isa = PBXBuildFile; productRef = 2AE2774E2C0B82F5005BBF4B /* SDWebImageSVGCoder */; };
		2AE277522C0B8436005BBF4B /* SDWebImageSwiftUI in Frameworks */ = {isa = PBXBuildFile; productRef = 2AE277512C0B8436005BBF4B /* SDWebImageSwiftUI */; };
		2AE78C042BFA3F7A00038AEA /* ProfileModel.swift in Sources */ = {isa = PBXBuildFile; fileRef = 2AE78C032BFA3F7A00038AEA /* ProfileModel.swift */; };
		2AEAB74A2BF8E8F800B149C1 /* ApiCallStructures.swift in Sources */ = {isa = PBXBuildFile; fileRef = 2AEAB7492BF8E8F800B149C1 /* ApiCallStructures.swift */; };
		2AEAB74C2BF8F7D400B149C1 /* Loader.swift in Sources */ = {isa = PBXBuildFile; fileRef = 2AEAB74B2BF8F7D400B149C1 /* Loader.swift */; };
		2AEB5ACE2BF64ADB007E303B /* BadgeDetail.swift in Sources */ = {isa = PBXBuildFile; fileRef = 2AEB5ACD2BF64ADB007E303B /* BadgeDetail.swift */; };
		2AED8E862BE93ABD008DBFAF /* DetailBathroom.swift in Sources */ = {isa = PBXBuildFile; fileRef = 2AED8E852BE93ABD008DBFAF /* DetailBathroom.swift */; };
		2AF49B202BF5EAF100800CE5 /* Settings.swift in Sources */ = {isa = PBXBuildFile; fileRef = 2AF49B1F2BF5EAF100800CE5 /* Settings.swift */; };
		2AFD2EC52BDBB21400208328 /* BadgeView.swift in Sources */ = {isa = PBXBuildFile; fileRef = 2AFD2EC42BDBB21400208328 /* BadgeView.swift */; };
		2AFD2EC72BDBB23200208328 /* HomeView.swift in Sources */ = {isa = PBXBuildFile; fileRef = 2AFD2EC62BDBB23200208328 /* HomeView.swift */; };
		2AFD2EC92BDBB24600208328 /* FeedView.swift in Sources */ = {isa = PBXBuildFile; fileRef = 2AFD2EC82BDBB24600208328 /* FeedView.swift */; };
		2AFFF9DD2BE7DFAC0095056C /* Annotation.swift in Sources */ = {isa = PBXBuildFile; fileRef = 2AFFF9DC2BE7DFAC0095056C /* Annotation.swift */; };
/* End PBXBuildFile section */

/* Begin PBXContainerItemProxy section */
		2ACCA0532C09AA2700946C53 /* PBXContainerItemProxy */ = {
			isa = PBXContainerItemProxy;
			containerPortal = 2AB217FB2BC03B49002A32F5 /* Project object */;
			proxyType = 1;
			remoteGlobalIDString = 2ACCA0472C09AA2500946C53;
			remoteInfo = "ToPoopToGoWatch Watch App";
		};
/* End PBXContainerItemProxy section */

/* Begin PBXCopyFilesBuildPhase section */
		2ACCA0402C09A14200946C53 /* Embed Watch Content */ = {
			isa = PBXCopyFilesBuildPhase;
			buildActionMask = 2147483647;
			dstPath = "$(CONTENTS_FOLDER_PATH)/Watch";
			dstSubfolderSpec = 16;
			files = (
				2ACCA0552C09AA2700946C53 /* ToPoopToGoWatch Watch App.app in Embed Watch Content */,
			);
			name = "Embed Watch Content";
			runOnlyForDeploymentPostprocessing = 0;
		};
/* End PBXCopyFilesBuildPhase section */

/* Begin PBXFileReference section */
		2A0B67A92C021E75000706ED /* Functions.swift */ = {isa = PBXFileReference; lastKnownFileType = sourcecode.swift; path = Functions.swift; sourceTree = "<group>"; };
		2A0BF68B2C036F260053A0A5 /* Components-DetailBathroom.swift */ = {isa = PBXFileReference; lastKnownFileType = sourcecode.swift; path = "Components-DetailBathroom.swift"; sourceTree = "<group>"; };
		2A0BF68D2C036F6A0053A0A5 /* SheetAddReview.swift */ = {isa = PBXFileReference; lastKnownFileType = sourcecode.swift; path = SheetAddReview.swift; sourceTree = "<group>"; };
		2A0BF68F2C036FF20053A0A5 /* SheetNavigate.swift */ = {isa = PBXFileReference; lastKnownFileType = sourcecode.swift; path = SheetNavigate.swift; sourceTree = "<group>"; };
		2A0BF6912C037CF90053A0A5 /* HomeModel.swift */ = {isa = PBXFileReference; lastKnownFileType = sourcecode.swift; path = HomeModel.swift; sourceTree = "<group>"; };
		2A0BF6932C038ED20053A0A5 /* ComponentsHome.swift */ = {isa = PBXFileReference; lastKnownFileType = sourcecode.swift; path = ComponentsHome.swift; sourceTree = "<group>"; };
		2A0BF6962C0463E50053A0A5 /* ComponentsMap.swift */ = {isa = PBXFileReference; lastKnownFileType = sourcecode.swift; path = ComponentsMap.swift; sourceTree = "<group>"; };
		2A0EE7802BC978D500F48FC4 /* ViewModifiers.swift */ = {isa = PBXFileReference; lastKnownFileType = sourcecode.swift; path = ViewModifiers.swift; sourceTree = "<group>"; };
		2A0EE7852BC97CD300F48FC4 /* MapModel.swift */ = {isa = PBXFileReference; lastKnownFileType = sourcecode.swift; path = MapModel.swift; sourceTree = "<group>"; };
		2A0EE7872BC97D4B00F48FC4 /* Structs.swift */ = {isa = PBXFileReference; lastKnownFileType = sourcecode.swift; path = Structs.swift; sourceTree = "<group>"; };
		2A18B8422BFF36A400C12C9B /* LoadingAnimation.json */ = {isa = PBXFileReference; fileEncoding = 4; lastKnownFileType = text.json; path = LoadingAnimation.json; sourceTree = "<group>"; };
		2A18B8472BFF404300C12C9B /* LoadingAnimationWhite.json */ = {isa = PBXFileReference; fileEncoding = 4; lastKnownFileType = text.json; path = LoadingAnimationWhite.json; sourceTree = "<group>"; };
		2A27C00E2BF8D2A8006A8FE8 /* ApiCall.swift */ = {isa = PBXFileReference; lastKnownFileType = sourcecode.swift; path = ApiCall.swift; sourceTree = "<group>"; };
		2A27C0112BF8D5EC006A8FE8 /* Classes.swift */ = {isa = PBXFileReference; lastKnownFileType = sourcecode.swift; path = Classes.swift; sourceTree = "<group>"; };
		2A27C0162BF8E60D006A8FE8 /* InsertOtp.swift */ = {isa = PBXFileReference; lastKnownFileType = sourcecode.swift; path = InsertOtp.swift; sourceTree = "<group>"; };
		2A29666A2C08612C00380664 /* LoadingScreen.json */ = {isa = PBXFileReference; fileEncoding = 4; lastKnownFileType = text.json; path = LoadingScreen.json; sourceTree = "<group>"; };
		2A29666C2C0861FC00380664 /* LoadingScreen2.json */ = {isa = PBXFileReference; fileEncoding = 4; lastKnownFileType = text.json; path = LoadingScreen2.json; sourceTree = "<group>"; };
		2A29666E2C08628F00380664 /* LoadingScreen3.json */ = {isa = PBXFileReference; fileEncoding = 4; lastKnownFileType = text.json; path = LoadingScreen3.json; sourceTree = "<group>"; };
		2A31B46C2BE37E0D000DC8EE /* Components.swift */ = {isa = PBXFileReference; lastKnownFileType = sourcecode.swift; path = Components.swift; sourceTree = "<group>"; };
		2A4499F22C0088B3000F381A /* GoogleService-Info.plist */ = {isa = PBXFileReference; fileEncoding = 4; lastKnownFileType = text.plist.xml; path = "GoogleService-Info.plist"; sourceTree = "<group>"; };
		2A4893C62BC03DF300366033 /* Info.plist */ = {isa = PBXFileReference; lastKnownFileType = text.plist; path = Info.plist; sourceTree = "<group>"; };
		2A55F2692BF7840B002D7203 /* OnBoarding.swift */ = {isa = PBXFileReference; lastKnownFileType = sourcecode.swift; path = OnBoarding.swift; sourceTree = "<group>"; };
		2A55F26C2BF7885B002D7203 /* LogInAndSignUp.swift */ = {isa = PBXFileReference; lastKnownFileType = sourcecode.swift; path = LogInAndSignUp.swift; sourceTree = "<group>"; };
		2A5DF2C22C09AE00001990E4 /* ViewModifiers.swift */ = {isa = PBXFileReference; lastKnownFileType = sourcecode.swift; path = ViewModifiers.swift; sourceTree = "<group>"; };
		2A5DF2C42C09AE8F001990E4 /* ToPoopToGoWatch-Watch-App-Info.plist */ = {isa = PBXFileReference; lastKnownFileType = text.plist; path = "ToPoopToGoWatch-Watch-App-Info.plist"; sourceTree = SOURCE_ROOT; };
		2A5DF2C62C09AEBD001990E4 /* Manrope-Bold.ttf */ = {isa = PBXFileReference; lastKnownFileType = file; path = "Manrope-Bold.ttf"; sourceTree = "<group>"; };
		2A5DF2C72C09AEBD001990E4 /* Manrope-Regular.ttf */ = {isa = PBXFileReference; lastKnownFileType = file; path = "Manrope-Regular.ttf"; sourceTree = "<group>"; };
		2A5DF2C82C09AEBD001990E4 /* Manrope-ExtraBold.ttf */ = {isa = PBXFileReference; lastKnownFileType = file; path = "Manrope-ExtraBold.ttf"; sourceTree = "<group>"; };
		2A5DF2C92C09AEBD001990E4 /* Manrope-SemiBold.ttf */ = {isa = PBXFileReference; lastKnownFileType = file; path = "Manrope-SemiBold.ttf"; sourceTree = "<group>"; };
		2A5DF2CA2C09AEBD001990E4 /* Manrope-Medium.ttf */ = {isa = PBXFileReference; lastKnownFileType = file; path = "Manrope-Medium.ttf"; sourceTree = "<group>"; };
		2A5DF2CB2C09AEBD001990E4 /* Manrope-Light.ttf */ = {isa = PBXFileReference; lastKnownFileType = file; path = "Manrope-Light.ttf"; sourceTree = "<group>"; };
		2A5DF2CC2C09AEBD001990E4 /* Manrope-ExtraLight.ttf */ = {isa = PBXFileReference; lastKnownFileType = file; path = "Manrope-ExtraLight.ttf"; sourceTree = "<group>"; };
		2A5DF2DC2C09B711001990E4 /* Structures.swift */ = {isa = PBXFileReference; lastKnownFileType = sourcecode.swift; path = Structures.swift; sourceTree = "<group>"; };
		2A5DF2DE2C09B933001990E4 /* ApiCallWatch.swift */ = {isa = PBXFileReference; lastKnownFileType = sourcecode.swift; path = ApiCallWatch.swift; sourceTree = "<group>"; };
		2A5DF2E02C09BA40001990E4 /* HomeModelWatch.swift */ = {isa = PBXFileReference; lastKnownFileType = sourcecode.swift; path = HomeModelWatch.swift; sourceTree = "<group>"; };
		2A5E1AEF2BF7A5A100871183 /* ChoseLogM.swift */ = {isa = PBXFileReference; lastKnownFileType = sourcecode.swift; path = ChoseLogM.swift; sourceTree = "<group>"; };
		2A6084732BC4438C000FA417 /* Map.swift */ = {isa = PBXFileReference; lastKnownFileType = sourcecode.swift; path = Map.swift; sourceTree = "<group>"; };
		2A6084752BC44472000FA417 /* TestView.swift */ = {isa = PBXFileReference; lastKnownFileType = sourcecode.swift; path = TestView.swift; sourceTree = "<group>"; };
		2A69F7452BE4F986004AB59C /* ProfileView.swift */ = {isa = PBXFileReference; lastKnownFileType = sourcecode.swift; path = ProfileView.swift; sourceTree = "<group>"; };
		2AA0D6762BF0FAB300F8A249 /* SheetManageSearch.swift */ = {isa = PBXFileReference; lastKnownFileType = sourcecode.swift; path = SheetManageSearch.swift; sourceTree = "<group>"; };
		2AA1E0732C00B4D300B2E3BF /* DotAnim.json */ = {isa = PBXFileReference; fileEncoding = 4; lastKnownFileType = text.json; path = DotAnim.json; sourceTree = "<group>"; };
		2AB218032BC03B49002A32F5 /* TooPoopToGo.app */ = {isa = PBXFileReference; explicitFileType = wrapper.application; includeInIndex = 0; path = TooPoopToGo.app; sourceTree = BUILT_PRODUCTS_DIR; };
		2AB218062BC03B49002A32F5 /* testMappeApp.swift */ = {isa = PBXFileReference; lastKnownFileType = sourcecode.swift; path = testMappeApp.swift; sourceTree = "<group>"; };
		2AB218082BC03B49002A32F5 /* ContentView.swift */ = {isa = PBXFileReference; lastKnownFileType = sourcecode.swift; path = ContentView.swift; sourceTree = "<group>"; };
		2AB2180A2BC03B4A002A32F5 /* Assets.xcassets */ = {isa = PBXFileReference; lastKnownFileType = folder.assetcatalog; path = Assets.xcassets; sourceTree = "<group>"; };
		2AB2180D2BC03B4A002A32F5 /* Preview Assets.xcassets */ = {isa = PBXFileReference; lastKnownFileType = folder.assetcatalog; path = "Preview Assets.xcassets"; sourceTree = "<group>"; };
		2ACCA0482C09AA2500946C53 /* ToPoopToGoWatch Watch App.app */ = {isa = PBXFileReference; explicitFileType = wrapper.application; includeInIndex = 0; path = "ToPoopToGoWatch Watch App.app"; sourceTree = BUILT_PRODUCTS_DIR; };
		2ACCA04A2C09AA2500946C53 /* ToPoopToGoWatchApp.swift */ = {isa = PBXFileReference; lastKnownFileType = sourcecode.swift; path = ToPoopToGoWatchApp.swift; sourceTree = "<group>"; };
		2ACCA04C2C09AA2500946C53 /* ContentView.swift */ = {isa = PBXFileReference; lastKnownFileType = sourcecode.swift; path = ContentView.swift; sourceTree = "<group>"; };
		2ACCA04E2C09AA2700946C53 /* Assets.xcassets */ = {isa = PBXFileReference; lastKnownFileType = folder.assetcatalog; path = Assets.xcassets; sourceTree = "<group>"; };
		2ACCA0512C09AA2700946C53 /* Preview Assets.xcassets */ = {isa = PBXFileReference; lastKnownFileType = folder.assetcatalog; path = "Preview Assets.xcassets"; sourceTree = "<group>"; };
		2ADA10672BDFF2BF00BBC989 /* Manrope-ExtraLight.ttf */ = {isa = PBXFileReference; lastKnownFileType = file; name = "Manrope-ExtraLight.ttf"; path = "../../../../../Downloads/Manrope/static/Manrope-ExtraLight.ttf"; sourceTree = "<group>"; };
		2ADA10682BDFF2BF00BBC989 /* Manrope-SemiBold.ttf */ = {isa = PBXFileReference; lastKnownFileType = file; name = "Manrope-SemiBold.ttf"; path = "../../../../../Downloads/Manrope/static/Manrope-SemiBold.ttf"; sourceTree = "<group>"; };
		2ADA10692BDFF2BF00BBC989 /* Manrope-Light.ttf */ = {isa = PBXFileReference; lastKnownFileType = file; name = "Manrope-Light.ttf"; path = "../../../../../Downloads/Manrope/static/Manrope-Light.ttf"; sourceTree = "<group>"; };
		2ADA106A2BDFF2BF00BBC989 /* Manrope-Regular.ttf */ = {isa = PBXFileReference; lastKnownFileType = file; name = "Manrope-Regular.ttf"; path = "../../../../../Downloads/Manrope/static/Manrope-Regular.ttf"; sourceTree = "<group>"; };
		2ADA106B2BDFF2BF00BBC989 /* Manrope-Medium.ttf */ = {isa = PBXFileReference; lastKnownFileType = file; name = "Manrope-Medium.ttf"; path = "../../../../../Downloads/Manrope/static/Manrope-Medium.ttf"; sourceTree = "<group>"; };
		2ADA106C2BDFF2BF00BBC989 /* Manrope-Bold.ttf */ = {isa = PBXFileReference; lastKnownFileType = file; name = "Manrope-Bold.ttf"; path = "../../../../../Downloads/Manrope/static/Manrope-Bold.ttf"; sourceTree = "<group>"; };
		2ADA106D2BDFF2BF00BBC989 /* Manrope-ExtraBold.ttf */ = {isa = PBXFileReference; lastKnownFileType = file; name = "Manrope-ExtraBold.ttf"; path = "../../../../../Downloads/Manrope/static/Manrope-ExtraBold.ttf"; sourceTree = "<group>"; };
		2ADA10762BE0E3B400BBC989 /* MapUiView.swift */ = {isa = PBXFileReference; lastKnownFileType = sourcecode.swift; path = MapUiView.swift; sourceTree = "<group>"; };
		2ADA10782BE0E49000BBC989 /* MapAddAnnotation.swift */ = {isa = PBXFileReference; lastKnownFileType = sourcecode.swift; path = MapAddAnnotation.swift; sourceTree = "<group>"; };
		2ADA107A2BE0E4EA00BBC989 /* MapSelectPosition.swift */ = {isa = PBXFileReference; lastKnownFileType = sourcecode.swift; path = MapSelectPosition.swift; sourceTree = "<group>"; };
		2ADA10802BE0E57800BBC989 /* InformationAnnotationView.swift */ = {isa = PBXFileReference; lastKnownFileType = sourcecode.swift; path = InformationAnnotationView.swift; sourceTree = "<group>"; };
		2ADA10822BE0E66700BBC989 /* AddImageSheet.swift */ = {isa = PBXFileReference; lastKnownFileType = sourcecode.swift; path = AddImageSheet.swift; sourceTree = "<group>"; };
		2AE0314C2BFC5FF80087E7FF /* OnBoardingModel.swift */ = {isa = PBXFileReference; lastKnownFileType = sourcecode.swift; path = OnBoardingModel.swift; sourceTree = "<group>"; };
		2AE277442C0B1A63005BBF4B /* FriendsProfileView.swift */ = {isa = PBXFileReference; lastKnownFileType = sourcecode.swift; path = FriendsProfileView.swift; sourceTree = "<group>"; };
		2AE277462C0B4812005BBF4B /* ComponentsProfile.swift */ = {isa = PBXFileReference; lastKnownFileType = sourcecode.swift; path = ComponentsProfile.swift; sourceTree = "<group>"; };
		2AE78C032BFA3F7A00038AEA /* ProfileModel.swift */ = {isa = PBXFileReference; lastKnownFileType = sourcecode.swift; path = ProfileModel.swift; sourceTree = "<group>"; };
		2AEAB7492BF8E8F800B149C1 /* ApiCallStructures.swift */ = {isa = PBXFileReference; lastKnownFileType = sourcecode.swift; path = ApiCallStructures.swift; sourceTree = "<group>"; };
		2AEAB74B2BF8F7D400B149C1 /* Loader.swift */ = {isa = PBXFileReference; lastKnownFileType = sourcecode.swift; path = Loader.swift; sourceTree = "<group>"; };
		2AEB5ACD2BF64ADB007E303B /* BadgeDetail.swift */ = {isa = PBXFileReference; lastKnownFileType = sourcecode.swift; path = BadgeDetail.swift; sourceTree = "<group>"; };
		2AED8E852BE93ABD008DBFAF /* DetailBathroom.swift */ = {isa = PBXFileReference; lastKnownFileType = sourcecode.swift; path = DetailBathroom.swift; sourceTree = "<group>"; };
		2AF49B1F2BF5EAF100800CE5 /* Settings.swift */ = {isa = PBXFileReference; lastKnownFileType = sourcecode.swift; path = Settings.swift; sourceTree = "<group>"; };
		2AFD2EC42BDBB21400208328 /* BadgeView.swift */ = {isa = PBXFileReference; lastKnownFileType = sourcecode.swift; path = BadgeView.swift; sourceTree = "<group>"; };
		2AFD2EC62BDBB23200208328 /* HomeView.swift */ = {isa = PBXFileReference; lastKnownFileType = sourcecode.swift; path = HomeView.swift; sourceTree = "<group>"; };
		2AFD2EC82BDBB24600208328 /* FeedView.swift */ = {isa = PBXFileReference; lastKnownFileType = sourcecode.swift; path = FeedView.swift; sourceTree = "<group>"; };
		2AFFF9DC2BE7DFAC0095056C /* Annotation.swift */ = {isa = PBXFileReference; lastKnownFileType = sourcecode.swift; path = Annotation.swift; sourceTree = "<group>"; };
/* End PBXFileReference section */

/* Begin PBXFrameworksBuildPhase section */
		2AB218002BC03B49002A32F5 /* Frameworks */ = {
			isa = PBXFrameworksBuildPhase;
			buildActionMask = 2147483647;
			files = (
				2AE277522C0B8436005BBF4B /* SDWebImageSwiftUI in Frameworks */,
				2A27C0152BF8DDAA006A8FE8 /* Alamofire in Frameworks */,
				2A33AF9B2BC041DC00DA90E9 /* MapboxMaps in Frameworks */,
				2A18B8462BFF38B800C12C9B /* Lottie in Frameworks */,
				2AE2774F2C0B82F5005BBF4B /* SDWebImageSVGCoder in Frameworks */,
				2AA1E06A2C008E2D00B2E3BF /* FirebaseAuth in Frameworks */,
			);
			runOnlyForDeploymentPostprocessing = 0;
		};
		2ACCA0452C09AA2500946C53 /* Frameworks */ = {
			isa = PBXFrameworksBuildPhase;
			buildActionMask = 2147483647;
			files = (
				2A5DF2D02C09B090001990E4 /* Alamofire in Frameworks */,
			);
			runOnlyForDeploymentPostprocessing = 0;
		};
/* End PBXFrameworksBuildPhase section */

/* Begin PBXGroup section */
		2A0BF68A2C036EED0053A0A5 /* Components */ = {
			isa = PBXGroup;
			children = (
				2A31B46C2BE37E0D000DC8EE /* Components.swift */,
				2A0BF6962C0463E50053A0A5 /* ComponentsMap.swift */,
				2A0BF6932C038ED20053A0A5 /* ComponentsHome.swift */,
				2A0BF68B2C036F260053A0A5 /* Components-DetailBathroom.swift */,
				2AE277462C0B4812005BBF4B /* ComponentsProfile.swift */,
			);
			path = Components;
			sourceTree = "<group>";
		};
		2A0EE7822BC97C3900F48FC4 /* View */ = {
			isa = PBXGroup;
			children = (
				2AB218082BC03B49002A32F5 /* ContentView.swift */,
				2A55F26B2BF78754002D7203 /* OnBoarding */,
				2ADA10752BE0E34C00BBC989 /* MapView */,
				2AE277532C0C455D005BBF4B /* Badge */,
				2AFD2EC82BDBB24600208328 /* FeedView.swift */,
				2AE277442C0B1A63005BBF4B /* FriendsProfileView.swift */,
				2A69F7452BE4F986004AB59C /* ProfileView.swift */,
				2AFD2EC62BDBB23200208328 /* HomeView.swift */,
				2A6084752BC44472000FA417 /* TestView.swift */,
				2AF49B1F2BF5EAF100800CE5 /* Settings.swift */,
			);
			path = View;
			sourceTree = "<group>";
		};
		2A0EE7832BC97C5F00F48FC4 /* Utilities */ = {
			isa = PBXGroup;
			children = (
				2A0EE7802BC978D500F48FC4 /* ViewModifiers.swift */,
				2A0EE7872BC97D4B00F48FC4 /* Structs.swift */,
				2A0BF68A2C036EED0053A0A5 /* Components */,
				2A27C0112BF8D5EC006A8FE8 /* Classes.swift */,
				2A0B67A92C021E75000706ED /* Functions.swift */,
			);
			path = Utilities;
			sourceTree = "<group>";
		};
		2A0EE7842BC97CA900F48FC4 /* Models */ = {
			isa = PBXGroup;
			children = (
				2AE78C032BFA3F7A00038AEA /* ProfileModel.swift */,
				2A0BF6912C037CF90053A0A5 /* HomeModel.swift */,
				2AE0314C2BFC5FF80087E7FF /* OnBoardingModel.swift */,
				2A0EE7852BC97CD300F48FC4 /* MapModel.swift */,
			);
			path = Models;
			sourceTree = "<group>";
		};
		2A18B8492BFF414B00C12C9B /* Animations */ = {
			isa = PBXGroup;
			children = (
				2A29666E2C08628F00380664 /* LoadingScreen3.json */,
				2A29666C2C0861FC00380664 /* LoadingScreen2.json */,
				2A29666A2C08612C00380664 /* LoadingScreen.json */,
				2A18B8472BFF404300C12C9B /* LoadingAnimationWhite.json */,
				2AA1E0732C00B4D300B2E3BF /* DotAnim.json */,
				2A18B8422BFF36A400C12C9B /* LoadingAnimation.json */,
			);
			path = Animations;
			sourceTree = "<group>";
		};
		2A27C0102BF8D2C2006A8FE8 /* Api */ = {
			isa = PBXGroup;
			children = (
				2A27C00E2BF8D2A8006A8FE8 /* ApiCall.swift */,
				2AEAB7492BF8E8F800B149C1 /* ApiCallStructures.swift */,
			);
			path = Api;
			sourceTree = "<group>";
		};
		2A55F26B2BF78754002D7203 /* OnBoarding */ = {
			isa = PBXGroup;
			children = (
				2A55F26C2BF7885B002D7203 /* LogInAndSignUp.swift */,
				2A5E1AEF2BF7A5A100871183 /* ChoseLogM.swift */,
				2A55F2692BF7840B002D7203 /* OnBoarding.swift */,
				2AEAB74B2BF8F7D400B149C1 /* Loader.swift */,
				2A27C0162BF8E60D006A8FE8 /* InsertOtp.swift */,
			);
			path = OnBoarding;
			sourceTree = "<group>";
		};
		2A5DF2C12C09ADDA001990E4 /* Utils */ = {
			isa = PBXGroup;
			children = (
				2A5DF2C22C09AE00001990E4 /* ViewModifiers.swift */,
			);
			path = Utils;
			sourceTree = "<group>";
		};
		2A5DF2C52C09AEAD001990E4 /* Font */ = {
			isa = PBXGroup;
			children = (
				2A5DF2C62C09AEBD001990E4 /* Manrope-Bold.ttf */,
				2A5DF2C82C09AEBD001990E4 /* Manrope-ExtraBold.ttf */,
				2A5DF2CC2C09AEBD001990E4 /* Manrope-ExtraLight.ttf */,
				2A5DF2CB2C09AEBD001990E4 /* Manrope-Light.ttf */,
				2A5DF2CA2C09AEBD001990E4 /* Manrope-Medium.ttf */,
				2A5DF2C72C09AEBD001990E4 /* Manrope-Regular.ttf */,
				2A5DF2C92C09AEBD001990E4 /* Manrope-SemiBold.ttf */,
			);
			path = Font;
			sourceTree = "<group>";
		};
		2A5DF2D12C09B0FF001990E4 /* Models */ = {
			isa = PBXGroup;
			children = (
				2A5DF2DC2C09B711001990E4 /* Structures.swift */,
				2A5DF2E02C09BA40001990E4 /* HomeModelWatch.swift */,
				2A5DF2DE2C09B933001990E4 /* ApiCallWatch.swift */,
			);
			path = Models;
			sourceTree = "<group>";
		};
		2AA1E0682C008E2D00B2E3BF /* Frameworks */ = {
			isa = PBXGroup;
			children = (
			);
			name = Frameworks;
			sourceTree = "<group>";
		};
		2AB217FA2BC03B49002A32F5 = {
			isa = PBXGroup;
			children = (
				2AB218052BC03B49002A32F5 /* testMappe */,
				2ACCA0492C09AA2500946C53 /* ToPoopToGoWatch Watch App */,
				2AB218042BC03B49002A32F5 /* Products */,
				2AA1E0682C008E2D00B2E3BF /* Frameworks */,
			);
			sourceTree = "<group>";
		};
		2AB218042BC03B49002A32F5 /* Products */ = {
			isa = PBXGroup;
			children = (
				2AB218032BC03B49002A32F5 /* TooPoopToGo.app */,
				2ACCA0482C09AA2500946C53 /* ToPoopToGoWatch Watch App.app */,
			);
			name = Products;
			sourceTree = "<group>";
		};
		2AB218052BC03B49002A32F5 /* testMappe */ = {
			isa = PBXGroup;
			children = (
				2A4893C62BC03DF300366033 /* Info.plist */,
				2AB218062BC03B49002A32F5 /* testMappeApp.swift */,
				2A27C0102BF8D2C2006A8FE8 /* Api */,
				2A0EE7842BC97CA900F48FC4 /* Models */,
				2A0EE7822BC97C3900F48FC4 /* View */,
				2AE520312BDD0011009AA2BD /* Font */,
				2A4499F22C0088B3000F381A /* GoogleService-Info.plist */,
				2A0EE7832BC97C5F00F48FC4 /* Utilities */,
				2AB2180A2BC03B4A002A32F5 /* Assets.xcassets */,
				2A18B8492BFF414B00C12C9B /* Animations */,
				2AB2180C2BC03B4A002A32F5 /* Preview Content */,
			);
			path = testMappe;
			sourceTree = "<group>";
		};
		2AB2180C2BC03B4A002A32F5 /* Preview Content */ = {
			isa = PBXGroup;
			children = (
				2AB2180D2BC03B4A002A32F5 /* Preview Assets.xcassets */,
			);
			path = "Preview Content";
			sourceTree = "<group>";
		};
		2ACCA0492C09AA2500946C53 /* ToPoopToGoWatch Watch App */ = {
			isa = PBXGroup;
			children = (
				2A5DF2C42C09AE8F001990E4 /* ToPoopToGoWatch-Watch-App-Info.plist */,
				2ACCA04A2C09AA2500946C53 /* ToPoopToGoWatchApp.swift */,
				2ACCA04C2C09AA2500946C53 /* ContentView.swift */,
				2A5DF2D12C09B0FF001990E4 /* Models */,
				2A5DF2C12C09ADDA001990E4 /* Utils */,
				2ACCA04E2C09AA2700946C53 /* Assets.xcassets */,
				2A5DF2C52C09AEAD001990E4 /* Font */,
				2ACCA0502C09AA2700946C53 /* Preview Content */,
			);
			path = "ToPoopToGoWatch Watch App";
			sourceTree = "<group>";
		};
		2ACCA0502C09AA2700946C53 /* Preview Content */ = {
			isa = PBXGroup;
			children = (
				2ACCA0512C09AA2700946C53 /* Preview Assets.xcassets */,
			);
			path = "Preview Content";
			sourceTree = "<group>";
		};
		2ADA10752BE0E34C00BBC989 /* MapView */ = {
			isa = PBXGroup;
			children = (
				2A6084732BC4438C000FA417 /* Map.swift */,
				2ADA10802BE0E57800BBC989 /* InformationAnnotationView.swift */,
				2AED8E852BE93ABD008DBFAF /* DetailBathroom.swift */,
				2A0BF68F2C036FF20053A0A5 /* SheetNavigate.swift */,
				2ADA107A2BE0E4EA00BBC989 /* MapSelectPosition.swift */,
				2ADA10782BE0E49000BBC989 /* MapAddAnnotation.swift */,
				2AFFF9DC2BE7DFAC0095056C /* Annotation.swift */,
				2ADA10822BE0E66700BBC989 /* AddImageSheet.swift */,
				2ADA10762BE0E3B400BBC989 /* MapUiView.swift */,
				2A0BF68D2C036F6A0053A0A5 /* SheetAddReview.swift */,
				2AA0D6762BF0FAB300F8A249 /* SheetManageSearch.swift */,
			);
			path = MapView;
			sourceTree = "<group>";
		};
		2AE277532C0C455D005BBF4B /* Badge */ = {
			isa = PBXGroup;
			children = (
				2AFD2EC42BDBB21400208328 /* BadgeView.swift */,
				2AEB5ACD2BF64ADB007E303B /* BadgeDetail.swift */,
			);
			path = Badge;
			sourceTree = "<group>";
		};
		2AE520312BDD0011009AA2BD /* Font */ = {
			isa = PBXGroup;
			children = (
				2ADA106C2BDFF2BF00BBC989 /* Manrope-Bold.ttf */,
				2ADA106D2BDFF2BF00BBC989 /* Manrope-ExtraBold.ttf */,
				2ADA10672BDFF2BF00BBC989 /* Manrope-ExtraLight.ttf */,
				2ADA10692BDFF2BF00BBC989 /* Manrope-Light.ttf */,
				2ADA106B2BDFF2BF00BBC989 /* Manrope-Medium.ttf */,
				2ADA106A2BDFF2BF00BBC989 /* Manrope-Regular.ttf */,
				2ADA10682BDFF2BF00BBC989 /* Manrope-SemiBold.ttf */,
			);
			path = Font;
			sourceTree = "<group>";
		};
/* End PBXGroup section */

/* Begin PBXNativeTarget section */
		2AB218022BC03B49002A32F5 /* TooPoopToGo */ = {
			isa = PBXNativeTarget;
			buildConfigurationList = 2AB218112BC03B4A002A32F5 /* Build configuration list for PBXNativeTarget "TooPoopToGo" */;
			buildPhases = (
				2AB217FF2BC03B49002A32F5 /* Sources */,
				2AB218002BC03B49002A32F5 /* Frameworks */,
				2AB218012BC03B49002A32F5 /* Resources */,
				2ACCA0402C09A14200946C53 /* Embed Watch Content */,
			);
			buildRules = (
			);
			dependencies = (
				2ACCA0542C09AA2700946C53 /* PBXTargetDependency */,
			);
			name = TooPoopToGo;
			packageProductDependencies = (
				2A33AF9A2BC041DC00DA90E9 /* MapboxMaps */,
				2A27C0142BF8DDAA006A8FE8 /* Alamofire */,
				2A18B8452BFF38B800C12C9B /* Lottie */,
				2AA1E0692C008E2D00B2E3BF /* FirebaseAuth */,
				2AE2774E2C0B82F5005BBF4B /* SDWebImageSVGCoder */,
				2AE277512C0B8436005BBF4B /* SDWebImageSwiftUI */,
			);
			productName = testMappe;
			productReference = 2AB218032BC03B49002A32F5 /* TooPoopToGo.app */;
			productType = "com.apple.product-type.application";
		};
		2ACCA0472C09AA2500946C53 /* ToPoopToGoWatch Watch App */ = {
			isa = PBXNativeTarget;
			buildConfigurationList = 2ACCA0562C09AA2700946C53 /* Build configuration list for PBXNativeTarget "ToPoopToGoWatch Watch App" */;
			buildPhases = (
				2ACCA0442C09AA2500946C53 /* Sources */,
				2ACCA0452C09AA2500946C53 /* Frameworks */,
				2ACCA0462C09AA2500946C53 /* Resources */,
			);
			buildRules = (
			);
			dependencies = (
			);
			name = "ToPoopToGoWatch Watch App";
			packageProductDependencies = (
				2A5DF2CF2C09B090001990E4 /* Alamofire */,
			);
			productName = "ToPoopToGoWatch Watch App";
			productReference = 2ACCA0482C09AA2500946C53 /* ToPoopToGoWatch Watch App.app */;
			productType = "com.apple.product-type.application";
		};
/* End PBXNativeTarget section */

/* Begin PBXProject section */
		2AB217FB2BC03B49002A32F5 /* Project object */ = {
			isa = PBXProject;
			attributes = {
				BuildIndependentTargetsInParallel = 1;
				LastSwiftUpdateCheck = 1530;
				LastUpgradeCheck = 1530;
				TargetAttributes = {
					2AB218022BC03B49002A32F5 = {
						CreatedOnToolsVersion = 15.3;
					};
					2ACCA0472C09AA2500946C53 = {
						CreatedOnToolsVersion = 15.3;
					};
				};
			};
			buildConfigurationList = 2AB217FE2BC03B49002A32F5 /* Build configuration list for PBXProject "TooPoopToGo" */;
			compatibilityVersion = "Xcode 14.0";
			developmentRegion = en;
			hasScannedForEncodings = 0;
			knownRegions = (
				en,
				Base,
			);
			mainGroup = 2AB217FA2BC03B49002A32F5;
			packageReferences = (
				2A33AF992BC041DC00DA90E9 /* XCRemoteSwiftPackageReference "mapbox-maps-ios" */,
				2A27C0132BF8DDAA006A8FE8 /* XCRemoteSwiftPackageReference "Alamofire" */,
				2A18B8442BFF38B800C12C9B /* XCRemoteSwiftPackageReference "lottie-ios" */,
				2A4499F42C008945000F381A /* XCRemoteSwiftPackageReference "firebase-ios-sdk" */,
				2AE277482C0B8208005BBF4B /* XCRemoteSwiftPackageReference "SVGKit" */,
				2AE2774D2C0B82F5005BBF4B /* XCRemoteSwiftPackageReference "SDWebImageSVGCoder" */,
				2AE277502C0B8436005BBF4B /* XCRemoteSwiftPackageReference "SDWebImageSwiftUI" */,
			);
			productRefGroup = 2AB218042BC03B49002A32F5 /* Products */;
			projectDirPath = "";
			projectRoot = "";
			targets = (
				2AB218022BC03B49002A32F5 /* TooPoopToGo */,
				2ACCA0472C09AA2500946C53 /* ToPoopToGoWatch Watch App */,
			);
		};
/* End PBXProject section */

/* Begin PBXResourcesBuildPhase section */
		2AB218012BC03B49002A32F5 /* Resources */ = {
			isa = PBXResourcesBuildPhase;
			buildActionMask = 2147483647;
			files = (
				2A29666B2C08612C00380664 /* LoadingScreen.json in Resources */,
				2ADA10742BDFF2BF00BBC989 /* Manrope-ExtraBold.ttf in Resources */,
				2AB2180E2BC03B4A002A32F5 /* Preview Assets.xcassets in Resources */,
				2ADA106E2BDFF2BF00BBC989 /* Manrope-ExtraLight.ttf in Resources */,
				2ADA10712BDFF2BF00BBC989 /* Manrope-Regular.ttf in Resources */,
				2AA1E0742C00B4D300B2E3BF /* DotAnim.json in Resources */,
				2A18B8432BFF36A500C12C9B /* LoadingAnimation.json in Resources */,
				2A29666D2C0861FC00380664 /* LoadingScreen2.json in Resources */,
				2A4499F32C0088B3000F381A /* GoogleService-Info.plist in Resources */,
				2ADA10722BDFF2BF00BBC989 /* Manrope-Medium.ttf in Resources */,
				2ADA10732BDFF2BF00BBC989 /* Manrope-Bold.ttf in Resources */,
				2ADA106F2BDFF2BF00BBC989 /* Manrope-SemiBold.ttf in Resources */,
				2A29666F2C08628F00380664 /* LoadingScreen3.json in Resources */,
				2AB2180B2BC03B4A002A32F5 /* Assets.xcassets in Resources */,
				2A18B8482BFF404300C12C9B /* LoadingAnimationWhite.json in Resources */,
				2ADA10702BDFF2BF00BBC989 /* Manrope-Light.ttf in Resources */,
			);
			runOnlyForDeploymentPostprocessing = 0;
		};
		2ACCA0462C09AA2500946C53 /* Resources */ = {
			isa = PBXResourcesBuildPhase;
			buildActionMask = 2147483647;
			files = (
				2ACCA0522C09AA2700946C53 /* Preview Assets.xcassets in Resources */,
				2ACCA04F2C09AA2700946C53 /* Assets.xcassets in Resources */,
			);
			runOnlyForDeploymentPostprocessing = 0;
		};
/* End PBXResourcesBuildPhase section */

/* Begin PBXSourcesBuildPhase section */
		2AB217FF2BC03B49002A32F5 /* Sources */ = {
			isa = PBXSourcesBuildPhase;
			buildActionMask = 2147483647;
			files = (
				2AED8E862BE93ABD008DBFAF /* DetailBathroom.swift in Sources */,
				2AE277472C0B4812005BBF4B /* ComponentsProfile.swift in Sources */,
				2AFD2EC92BDBB24600208328 /* FeedView.swift in Sources */,
				2A0BF6902C036FF20053A0A5 /* SheetNavigate.swift in Sources */,
				2AA0D6772BF0FAB300F8A249 /* SheetManageSearch.swift in Sources */,
				2AFD2EC72BDBB23200208328 /* HomeView.swift in Sources */,
				2AE0314D2BFC5FF80087E7FF /* OnBoardingModel.swift in Sources */,
				2AFD2EC52BDBB21400208328 /* BadgeView.swift in Sources */,
				2A5E1AF02BF7A5A100871183 /* ChoseLogM.swift in Sources */,
				2A0EE7812BC978D600F48FC4 /* ViewModifiers.swift in Sources */,
				2AEAB74A2BF8E8F800B149C1 /* ApiCallStructures.swift in Sources */,
				2ADA10832BE0E66700BBC989 /* AddImageSheet.swift in Sources */,
				2A27C0122BF8D5EC006A8FE8 /* Classes.swift in Sources */,
				2A6084762BC44472000FA417 /* TestView.swift in Sources */,
				2A27C0172BF8E60D006A8FE8 /* InsertOtp.swift in Sources */,
				2AEB5ACE2BF64ADB007E303B /* BadgeDetail.swift in Sources */,
				2A55F26D2BF7885B002D7203 /* LogInAndSignUp.swift in Sources */,
				2AEAB74C2BF8F7D400B149C1 /* Loader.swift in Sources */,
				2A31B46D2BE37E0D000DC8EE /* Components.swift in Sources */,
				2AE277452C0B1A64005BBF4B /* FriendsProfileView.swift in Sources */,
				2ADA10812BE0E57800BBC989 /* InformationAnnotationView.swift in Sources */,
				2AB218092BC03B49002A32F5 /* ContentView.swift in Sources */,
				2AE78C042BFA3F7A00038AEA /* ProfileModel.swift in Sources */,
				2ADA10772BE0E3B400BBC989 /* MapUiView.swift in Sources */,
				2ADA10792BE0E49000BBC989 /* MapAddAnnotation.swift in Sources */,
				2A0BF68E2C036F6A0053A0A5 /* SheetAddReview.swift in Sources */,
				2A0BF6922C037CF90053A0A5 /* HomeModel.swift in Sources */,
				2A0EE7882BC97D4B00F48FC4 /* Structs.swift in Sources */,
				2A6084742BC4438C000FA417 /* Map.swift in Sources */,
				2A27C00F2BF8D2A8006A8FE8 /* ApiCall.swift in Sources */,
				2A0BF6942C038ED20053A0A5 /* ComponentsHome.swift in Sources */,
				2ADA107B2BE0E4EA00BBC989 /* MapSelectPosition.swift in Sources */,
				2A0BF68C2C036F260053A0A5 /* Components-DetailBathroom.swift in Sources */,
				2A0B67AA2C021E75000706ED /* Functions.swift in Sources */,
				2A0BF6972C0463E50053A0A5 /* ComponentsMap.swift in Sources */,
				2A69F7462BE4F986004AB59C /* ProfileView.swift in Sources */,
				2A0EE7862BC97CD300F48FC4 /* MapModel.swift in Sources */,
				2AF49B202BF5EAF100800CE5 /* Settings.swift in Sources */,
				2A55F26A2BF7840B002D7203 /* OnBoarding.swift in Sources */,
				2AFFF9DD2BE7DFAC0095056C /* Annotation.swift in Sources */,
				2AB218072BC03B49002A32F5 /* testMappeApp.swift in Sources */,
			);
			runOnlyForDeploymentPostprocessing = 0;
		};
		2ACCA0442C09AA2500946C53 /* Sources */ = {
			isa = PBXSourcesBuildPhase;
			buildActionMask = 2147483647;
			files = (
				2A5DF2E12C09BA40001990E4 /* HomeModelWatch.swift in Sources */,
				2A5DF2DD2C09B711001990E4 /* Structures.swift in Sources */,
				2A5DF2C32C09AE00001990E4 /* ViewModifiers.swift in Sources */,
				2ACCA04D2C09AA2500946C53 /* ContentView.swift in Sources */,
				2ACCA04B2C09AA2500946C53 /* ToPoopToGoWatchApp.swift in Sources */,
				2A5DF2DF2C09B933001990E4 /* ApiCallWatch.swift in Sources */,
			);
			runOnlyForDeploymentPostprocessing = 0;
		};
/* End PBXSourcesBuildPhase section */

/* Begin PBXTargetDependency section */
		2ACCA0542C09AA2700946C53 /* PBXTargetDependency */ = {
			isa = PBXTargetDependency;
			target = 2ACCA0472C09AA2500946C53 /* ToPoopToGoWatch Watch App */;
			targetProxy = 2ACCA0532C09AA2700946C53 /* PBXContainerItemProxy */;
		};
/* End PBXTargetDependency section */

/* Begin XCBuildConfiguration section */
		2AB2180F2BC03B4A002A32F5 /* Debug */ = {
			isa = XCBuildConfiguration;
			buildSettings = {
				ALWAYS_SEARCH_USER_PATHS = NO;
				ASSETCATALOG_COMPILER_GENERATE_SWIFT_ASSET_SYMBOL_EXTENSIONS = YES;
				CLANG_ANALYZER_NONNULL = YES;
				CLANG_ANALYZER_NUMBER_OBJECT_CONVERSION = YES_AGGRESSIVE;
				CLANG_CXX_LANGUAGE_STANDARD = "gnu++20";
				CLANG_ENABLE_MODULES = YES;
				CLANG_ENABLE_OBJC_ARC = YES;
				CLANG_ENABLE_OBJC_WEAK = YES;
				CLANG_WARN_BLOCK_CAPTURE_AUTORELEASING = YES;
				CLANG_WARN_BOOL_CONVERSION = YES;
				CLANG_WARN_COMMA = YES;
				CLANG_WARN_CONSTANT_CONVERSION = YES;
				CLANG_WARN_DEPRECATED_OBJC_IMPLEMENTATIONS = YES;
				CLANG_WARN_DIRECT_OBJC_ISA_USAGE = YES_ERROR;
				CLANG_WARN_DOCUMENTATION_COMMENTS = YES;
				CLANG_WARN_EMPTY_BODY = YES;
				CLANG_WARN_ENUM_CONVERSION = YES;
				CLANG_WARN_INFINITE_RECURSION = YES;
				CLANG_WARN_INT_CONVERSION = YES;
				CLANG_WARN_NON_LITERAL_NULL_CONVERSION = YES;
				CLANG_WARN_OBJC_IMPLICIT_RETAIN_SELF = YES;
				CLANG_WARN_OBJC_LITERAL_CONVERSION = YES;
				CLANG_WARN_OBJC_ROOT_CLASS = YES_ERROR;
				CLANG_WARN_QUOTED_INCLUDE_IN_FRAMEWORK_HEADER = YES;
				CLANG_WARN_RANGE_LOOP_ANALYSIS = YES;
				CLANG_WARN_STRICT_PROTOTYPES = YES;
				CLANG_WARN_SUSPICIOUS_MOVE = YES;
				CLANG_WARN_UNGUARDED_AVAILABILITY = YES_AGGRESSIVE;
				CLANG_WARN_UNREACHABLE_CODE = YES;
				CLANG_WARN__DUPLICATE_METHOD_MATCH = YES;
				COPY_PHASE_STRIP = NO;
				DEBUG_INFORMATION_FORMAT = dwarf;
				ENABLE_STRICT_OBJC_MSGSEND = YES;
				ENABLE_TESTABILITY = YES;
				ENABLE_USER_SCRIPT_SANDBOXING = YES;
				GCC_C_LANGUAGE_STANDARD = gnu17;
				GCC_DYNAMIC_NO_PIC = NO;
				GCC_NO_COMMON_BLOCKS = YES;
				GCC_OPTIMIZATION_LEVEL = 0;
				GCC_PREPROCESSOR_DEFINITIONS = (
					"DEBUG=1",
					"$(inherited)",
				);
				GCC_WARN_64_TO_32_BIT_CONVERSION = YES;
				GCC_WARN_ABOUT_RETURN_TYPE = YES_ERROR;
				GCC_WARN_UNDECLARED_SELECTOR = YES;
				GCC_WARN_UNINITIALIZED_AUTOS = YES_AGGRESSIVE;
				GCC_WARN_UNUSED_FUNCTION = YES;
				GCC_WARN_UNUSED_VARIABLE = YES;
				IPHONEOS_DEPLOYMENT_TARGET = 17.4;
				LOCALIZATION_PREFERS_STRING_CATALOGS = YES;
				MTL_ENABLE_DEBUG_INFO = INCLUDE_SOURCE;
				MTL_FAST_MATH = YES;
				ONLY_ACTIVE_ARCH = YES;
				SDKROOT = iphoneos;
				SWIFT_ACTIVE_COMPILATION_CONDITIONS = "DEBUG $(inherited)";
				SWIFT_OPTIMIZATION_LEVEL = "-Onone";
			};
			name = Debug;
		};
		2AB218102BC03B4A002A32F5 /* Release */ = {
			isa = XCBuildConfiguration;
			buildSettings = {
				ALWAYS_SEARCH_USER_PATHS = NO;
				ASSETCATALOG_COMPILER_GENERATE_SWIFT_ASSET_SYMBOL_EXTENSIONS = YES;
				CLANG_ANALYZER_NONNULL = YES;
				CLANG_ANALYZER_NUMBER_OBJECT_CONVERSION = YES_AGGRESSIVE;
				CLANG_CXX_LANGUAGE_STANDARD = "gnu++20";
				CLANG_ENABLE_MODULES = YES;
				CLANG_ENABLE_OBJC_ARC = YES;
				CLANG_ENABLE_OBJC_WEAK = YES;
				CLANG_WARN_BLOCK_CAPTURE_AUTORELEASING = YES;
				CLANG_WARN_BOOL_CONVERSION = YES;
				CLANG_WARN_COMMA = YES;
				CLANG_WARN_CONSTANT_CONVERSION = YES;
				CLANG_WARN_DEPRECATED_OBJC_IMPLEMENTATIONS = YES;
				CLANG_WARN_DIRECT_OBJC_ISA_USAGE = YES_ERROR;
				CLANG_WARN_DOCUMENTATION_COMMENTS = YES;
				CLANG_WARN_EMPTY_BODY = YES;
				CLANG_WARN_ENUM_CONVERSION = YES;
				CLANG_WARN_INFINITE_RECURSION = YES;
				CLANG_WARN_INT_CONVERSION = YES;
				CLANG_WARN_NON_LITERAL_NULL_CONVERSION = YES;
				CLANG_WARN_OBJC_IMPLICIT_RETAIN_SELF = YES;
				CLANG_WARN_OBJC_LITERAL_CONVERSION = YES;
				CLANG_WARN_OBJC_ROOT_CLASS = YES_ERROR;
				CLANG_WARN_QUOTED_INCLUDE_IN_FRAMEWORK_HEADER = YES;
				CLANG_WARN_RANGE_LOOP_ANALYSIS = YES;
				CLANG_WARN_STRICT_PROTOTYPES = YES;
				CLANG_WARN_SUSPICIOUS_MOVE = YES;
				CLANG_WARN_UNGUARDED_AVAILABILITY = YES_AGGRESSIVE;
				CLANG_WARN_UNREACHABLE_CODE = YES;
				CLANG_WARN__DUPLICATE_METHOD_MATCH = YES;
				COPY_PHASE_STRIP = NO;
				DEBUG_INFORMATION_FORMAT = "dwarf-with-dsym";
				ENABLE_NS_ASSERTIONS = NO;
				ENABLE_STRICT_OBJC_MSGSEND = YES;
				ENABLE_USER_SCRIPT_SANDBOXING = YES;
				GCC_C_LANGUAGE_STANDARD = gnu17;
				GCC_NO_COMMON_BLOCKS = YES;
				GCC_WARN_64_TO_32_BIT_CONVERSION = YES;
				GCC_WARN_ABOUT_RETURN_TYPE = YES_ERROR;
				GCC_WARN_UNDECLARED_SELECTOR = YES;
				GCC_WARN_UNINITIALIZED_AUTOS = YES_AGGRESSIVE;
				GCC_WARN_UNUSED_FUNCTION = YES;
				GCC_WARN_UNUSED_VARIABLE = YES;
				IPHONEOS_DEPLOYMENT_TARGET = 17.4;
				LOCALIZATION_PREFERS_STRING_CATALOGS = YES;
				MTL_ENABLE_DEBUG_INFO = NO;
				MTL_FAST_MATH = YES;
				SDKROOT = iphoneos;
				SWIFT_COMPILATION_MODE = wholemodule;
				VALIDATE_PRODUCT = YES;
			};
			name = Release;
		};
		2AB218122BC03B4A002A32F5 /* Debug */ = {
			isa = XCBuildConfiguration;
			buildSettings = {
				ALWAYS_EMBED_SWIFT_STANDARD_LIBRARIES = YES;
				ASSETCATALOG_COMPILER_APPICON_NAME = AppIcon;
				ASSETCATALOG_COMPILER_GLOBAL_ACCENT_COLOR_NAME = AccentColor;
				CODE_SIGN_STYLE = Automatic;
				CURRENT_PROJECT_VERSION = 1;
				DEVELOPMENT_ASSET_PATHS = "\"testMappe/Preview Content\"";
				DEVELOPMENT_TEAM = 6TS2KBH3FR;
				ENABLE_PREVIEWS = YES;
				GENERATE_INFOPLIST_FILE = YES;
				INFOPLIST_FILE = testMappe/Info.plist;
				INFOPLIST_KEY_CFBundleDisplayName = "";
				INFOPLIST_KEY_LSApplicationCategoryType = "";
				INFOPLIST_KEY_LSSupportsOpeningDocumentsInPlace = YES;
				INFOPLIST_KEY_NSCameraUsageDescription = "To take pictures to upload";
				INFOPLIST_KEY_NSLocationWhenInUseUsageDescription = NSLocationWhenInUseUsageDescription;
				INFOPLIST_KEY_UIApplicationSceneManifest_Generation = YES;
				INFOPLIST_KEY_UIApplicationSupportsIndirectInputEvents = YES;
				INFOPLIST_KEY_UIRequiresFullScreen = YES;
				INFOPLIST_KEY_UISupportedInterfaceOrientations = UIInterfaceOrientationPortrait;
				IPHONEOS_DEPLOYMENT_TARGET = 17.2;
				LD_RUNPATH_SEARCH_PATHS = (
					"$(inherited)",
					"@executable_path/Frameworks",
				);
				MARKETING_VERSION = 1.0;
				PRODUCT_BUNDLE_IDENTIFIER = com.christiancatenacci.tooPoopToGo;
				PRODUCT_NAME = "$(TARGET_NAME)";
				SWIFT_EMIT_LOC_STRINGS = YES;
				SWIFT_VERSION = 5.0;
				TARGETED_DEVICE_FAMILY = "1,2";
			};
			name = Debug;
		};
		2AB218132BC03B4A002A32F5 /* Release */ = {
			isa = XCBuildConfiguration;
			buildSettings = {
				ALWAYS_EMBED_SWIFT_STANDARD_LIBRARIES = YES;
				ASSETCATALOG_COMPILER_APPICON_NAME = AppIcon;
				ASSETCATALOG_COMPILER_GLOBAL_ACCENT_COLOR_NAME = AccentColor;
				CODE_SIGN_STYLE = Automatic;
				CURRENT_PROJECT_VERSION = 1;
				DEVELOPMENT_ASSET_PATHS = "\"testMappe/Preview Content\"";
				DEVELOPMENT_TEAM = 6TS2KBH3FR;
				ENABLE_PREVIEWS = YES;
				GENERATE_INFOPLIST_FILE = YES;
				INFOPLIST_FILE = testMappe/Info.plist;
				INFOPLIST_KEY_CFBundleDisplayName = "";
				INFOPLIST_KEY_LSApplicationCategoryType = "";
				INFOPLIST_KEY_LSSupportsOpeningDocumentsInPlace = YES;
				INFOPLIST_KEY_NSCameraUsageDescription = "To take pictures to upload";
				INFOPLIST_KEY_NSLocationWhenInUseUsageDescription = NSLocationWhenInUseUsageDescription;
				INFOPLIST_KEY_UIApplicationSceneManifest_Generation = YES;
				INFOPLIST_KEY_UIApplicationSupportsIndirectInputEvents = YES;
				INFOPLIST_KEY_UIRequiresFullScreen = YES;
				INFOPLIST_KEY_UISupportedInterfaceOrientations = UIInterfaceOrientationPortrait;
				IPHONEOS_DEPLOYMENT_TARGET = 17.2;
				LD_RUNPATH_SEARCH_PATHS = (
					"$(inherited)",
					"@executable_path/Frameworks",
				);
				MARKETING_VERSION = 1.0;
				PRODUCT_BUNDLE_IDENTIFIER = com.christiancatenacci.tooPoopToGo;
				PRODUCT_NAME = "$(TARGET_NAME)";
				SWIFT_EMIT_LOC_STRINGS = YES;
				SWIFT_VERSION = 5.0;
				TARGETED_DEVICE_FAMILY = "1,2";
			};
			name = Release;
		};
		2ACCA0572C09AA2700946C53 /* Debug */ = {
			isa = XCBuildConfiguration;
			buildSettings = {
				ASSETCATALOG_COMPILER_APPICON_NAME = AppIcon;
				ASSETCATALOG_COMPILER_GLOBAL_ACCENT_COLOR_NAME = AccentColor;
				CODE_SIGN_STYLE = Automatic;
				CURRENT_PROJECT_VERSION = 1;
				DEVELOPMENT_ASSET_PATHS = "\"ToPoopToGoWatch Watch App/Preview Content\"";
				DEVELOPMENT_TEAM = 6TS2KBH3FR;
				ENABLE_PREVIEWS = YES;
				GENERATE_INFOPLIST_FILE = YES;
				INFOPLIST_FILE = "ToPoopToGoWatch-Watch-App-Info.plist";
				INFOPLIST_KEY_CFBundleDisplayName = ToPoopToGoWatch;
				INFOPLIST_KEY_NSLocationAlwaysAndWhenInUseUsageDescription = "$(PRODUCT_BUNDLE_PACKAGE_TYPE)";
				INFOPLIST_KEY_UISupportedInterfaceOrientations = "UIInterfaceOrientationPortrait UIInterfaceOrientationPortraitUpsideDown";
				INFOPLIST_KEY_WKCompanionAppBundleIdentifier = com.christiancatenacci.tooPoopToGo;
				LD_RUNPATH_SEARCH_PATHS = (
					"$(inherited)",
					"@executable_path/Frameworks",
				);
				MARKETING_VERSION = 1.0;
				PRODUCT_BUNDLE_IDENTIFIER = com.christiancatenacci.tooPoopToGo.watchkitapp;
				PRODUCT_NAME = "$(TARGET_NAME)";
				SDKROOT = watchos;
				SKIP_INSTALL = YES;
				SWIFT_EMIT_LOC_STRINGS = YES;
				SWIFT_VERSION = 5.0;
				TARGETED_DEVICE_FAMILY = 4;
				WATCHOS_DEPLOYMENT_TARGET = 10.4;
			};
			name = Debug;
		};
		2ACCA0582C09AA2700946C53 /* Release */ = {
			isa = XCBuildConfiguration;
			buildSettings = {
				ASSETCATALOG_COMPILER_APPICON_NAME = AppIcon;
				ASSETCATALOG_COMPILER_GLOBAL_ACCENT_COLOR_NAME = AccentColor;
				CODE_SIGN_STYLE = Automatic;
				CURRENT_PROJECT_VERSION = 1;
				DEVELOPMENT_ASSET_PATHS = "\"ToPoopToGoWatch Watch App/Preview Content\"";
				DEVELOPMENT_TEAM = 6TS2KBH3FR;
				ENABLE_PREVIEWS = YES;
				GENERATE_INFOPLIST_FILE = YES;
				INFOPLIST_FILE = "ToPoopToGoWatch-Watch-App-Info.plist";
				INFOPLIST_KEY_CFBundleDisplayName = ToPoopToGoWatch;
				INFOPLIST_KEY_NSLocationAlwaysAndWhenInUseUsageDescription = "$(PRODUCT_BUNDLE_PACKAGE_TYPE)";
				INFOPLIST_KEY_UISupportedInterfaceOrientations = "UIInterfaceOrientationPortrait UIInterfaceOrientationPortraitUpsideDown";
				INFOPLIST_KEY_WKCompanionAppBundleIdentifier = com.christiancatenacci.tooPoopToGo;
				LD_RUNPATH_SEARCH_PATHS = (
					"$(inherited)",
					"@executable_path/Frameworks",
				);
				MARKETING_VERSION = 1.0;
				PRODUCT_BUNDLE_IDENTIFIER = com.christiancatenacci.tooPoopToGo.watchkitapp;
				PRODUCT_NAME = "$(TARGET_NAME)";
				SDKROOT = watchos;
				SKIP_INSTALL = YES;
				SWIFT_EMIT_LOC_STRINGS = YES;
				SWIFT_VERSION = 5.0;
				TARGETED_DEVICE_FAMILY = 4;
				WATCHOS_DEPLOYMENT_TARGET = 10.4;
			};
			name = Release;
		};
/* End XCBuildConfiguration section */

/* Begin XCConfigurationList section */
		2AB217FE2BC03B49002A32F5 /* Build configuration list for PBXProject "TooPoopToGo" */ = {
			isa = XCConfigurationList;
			buildConfigurations = (
				2AB2180F2BC03B4A002A32F5 /* Debug */,
				2AB218102BC03B4A002A32F5 /* Release */,
			);
			defaultConfigurationIsVisible = 0;
			defaultConfigurationName = Release;
		};
		2AB218112BC03B4A002A32F5 /* Build configuration list for PBXNativeTarget "TooPoopToGo" */ = {
			isa = XCConfigurationList;
			buildConfigurations = (
				2AB218122BC03B4A002A32F5 /* Debug */,
				2AB218132BC03B4A002A32F5 /* Release */,
			);
			defaultConfigurationIsVisible = 0;
			defaultConfigurationName = Release;
		};
		2ACCA0562C09AA2700946C53 /* Build configuration list for PBXNativeTarget "ToPoopToGoWatch Watch App" */ = {
			isa = XCConfigurationList;
			buildConfigurations = (
				2ACCA0572C09AA2700946C53 /* Debug */,
				2ACCA0582C09AA2700946C53 /* Release */,
			);
			defaultConfigurationIsVisible = 0;
			defaultConfigurationName = Release;
		};
/* End XCConfigurationList section */

/* Begin XCRemoteSwiftPackageReference section */
		2A18B8442BFF38B800C12C9B /* XCRemoteSwiftPackageReference "lottie-ios" */ = {
			isa = XCRemoteSwiftPackageReference;
			repositoryURL = "https://github.com/airbnb/lottie-ios";
			requirement = {
				kind = upToNextMajorVersion;
				minimumVersion = 4.4.3;
			};
		};
		2A27C0132BF8DDAA006A8FE8 /* XCRemoteSwiftPackageReference "Alamofire" */ = {
			isa = XCRemoteSwiftPackageReference;
			repositoryURL = "https://github.com/Alamofire/Alamofire.git";
			requirement = {
				kind = exactVersion;
				version = 5.8.1;
			};
		};
		2A33AF992BC041DC00DA90E9 /* XCRemoteSwiftPackageReference "mapbox-maps-ios" */ = {
			isa = XCRemoteSwiftPackageReference;
			repositoryURL = "https://github.com/mapbox/mapbox-maps-ios.git";
			requirement = {
				kind = exactVersion;
				version = 11.0.0;
			};
		};
		2A4499F42C008945000F381A /* XCRemoteSwiftPackageReference "firebase-ios-sdk" */ = {
			isa = XCRemoteSwiftPackageReference;
			repositoryURL = "https://github.com/firebase/firebase-ios-sdk";
			requirement = {
				kind = upToNextMajorVersion;
				minimumVersion = 10.26.0;
			};
		};
		2AE277482C0B8208005BBF4B /* XCRemoteSwiftPackageReference "SVGKit" */ = {
			isa = XCRemoteSwiftPackageReference;
			repositoryURL = "https://github.com/SVGKit/SVGKit.git";
			requirement = {
				kind = upToNextMajorVersion;
				minimumVersion = 3.0.0;
			};
		};
		2AE2774D2C0B82F5005BBF4B /* XCRemoteSwiftPackageReference "SDWebImageSVGCoder" */ = {
			isa = XCRemoteSwiftPackageReference;
			repositoryURL = "https://github.com/SDWebImage/SDWebImageSVGCoder.git";
			requirement = {
				kind = upToNextMajorVersion;
				minimumVersion = 1.7.0;
			};
		};
		2AE277502C0B8436005BBF4B /* XCRemoteSwiftPackageReference "SDWebImageSwiftUI" */ = {
			isa = XCRemoteSwiftPackageReference;
			repositoryURL = "https://github.com/SDWebImage/SDWebImageSwiftUI.git";
			requirement = {
				kind = upToNextMajorVersion;
				minimumVersion = 3.0.4;
			};
		};
/* End XCRemoteSwiftPackageReference section */

/* Begin XCSwiftPackageProductDependency section */
		2A18B8452BFF38B800C12C9B /* Lottie */ = {
			isa = XCSwiftPackageProductDependency;
			package = 2A18B8442BFF38B800C12C9B /* XCRemoteSwiftPackageReference "lottie-ios" */;
			productName = Lottie;
		};
		2A27C0142BF8DDAA006A8FE8 /* Alamofire */ = {
			isa = XCSwiftPackageProductDependency;
			package = 2A27C0132BF8DDAA006A8FE8 /* XCRemoteSwiftPackageReference "Alamofire" */;
			productName = Alamofire;
		};
		2A33AF9A2BC041DC00DA90E9 /* MapboxMaps */ = {
			isa = XCSwiftPackageProductDependency;
			package = 2A33AF992BC041DC00DA90E9 /* XCRemoteSwiftPackageReference "mapbox-maps-ios" */;
			productName = MapboxMaps;
		};
		2A5DF2CF2C09B090001990E4 /* Alamofire */ = {
			isa = XCSwiftPackageProductDependency;
			package = 2A27C0132BF8DDAA006A8FE8 /* XCRemoteSwiftPackageReference "Alamofire" */;
			productName = Alamofire;
		};
		2AA1E0692C008E2D00B2E3BF /* FirebaseAuth */ = {
			isa = XCSwiftPackageProductDependency;
			package = 2A4499F42C008945000F381A /* XCRemoteSwiftPackageReference "firebase-ios-sdk" */;
			productName = FirebaseAuth;
		};
		2AE2774E2C0B82F5005BBF4B /* SDWebImageSVGCoder */ = {
			isa = XCSwiftPackageProductDependency;
			package = 2AE2774D2C0B82F5005BBF4B /* XCRemoteSwiftPackageReference "SDWebImageSVGCoder" */;
			productName = SDWebImageSVGCoder;
		};
		2AE277512C0B8436005BBF4B /* SDWebImageSwiftUI */ = {
			isa = XCSwiftPackageProductDependency;
			package = 2AE277502C0B8436005BBF4B /* XCRemoteSwiftPackageReference "SDWebImageSwiftUI" */;
			productName = SDWebImageSwiftUI;
		};
/* End XCSwiftPackageProductDependency section */
	};
	rootObject = 2AB217FB2BC03B49002A32F5 /* Project object */;
}
